
Microsoft Visual Studio Solution File, Format Version 12.00
# Visual Studio Version 16
VisualStudioVersion = 16.6.30114.105
MinimumVisualStudioVersion = 10.0.40219.1
Project("{FAE04EC0-301F-11D3-BF4B-00C04F79EFBC}") = "R5T.T0046", "R5T.T0046\R5T.T0046.csproj", "{B9A15F86-261B-4E25-B8C1-682C4A19F419}"
EndProject
Project("{2150E333-8FDC-42A3-9474-1A3956D46DE8}") = "_Dependencies", "_Dependencies", "{2CDF5854-3204-45B1-9B59-C6EF188AB875}"
EndProject
Project("{FAE04EC0-301F-11D3-BF4B-00C04F79EFBC}") = "R5T.Magyar", "..\..\R5T.Magyar\source\R5T.Magyar\R5T.Magyar.csproj", "{9427EDD5-BD70-4669-B0D2-F901D71B25F1}"
EndProject
Project("{9A19103F-16F7-4668-BE54-9A1E7A4F7556}") = "R5T.T0142", "..\..\R5T.T0142\source\R5T.T0142\R5T.T0142.csproj", "{60CBFC59-8812-4A18-B9A1-CE106FFBB821}"
EndProject
Project("{9A19103F-16F7-4668-BE54-9A1E7A4F7556}") = "R5T.T0143", "..\..\R5T.T0143\source\R5T.T0143\R5T.T0143.csproj", "{84CF67C8-4383-4BDA-A376-CC97AA9547F5}"
EndProject
Project("{9A19103F-16F7-4668-BE54-9A1E7A4F7556}") = "R5T.T0241", "..\..\R5T.T0241\source\R5T.T0241\R5T.T0241.csproj", "{944D5BBC-6998-4316-86B1-A24C5ACCB90D}"
EndProject
Project("{9A19103F-16F7-4668-BE54-9A1E7A4F7556}") = "R5T.T0240", "..\..\R5T.T0240\source\R5T.T0240\R5T.T0240.csproj", "{BADC8786-30F3-413E-AB19-45A28C5A8EF6}"
EndProject
Global
	GlobalSection(NestedProjects) = preSolution
		{9427EDD5-BD70-4669-B0D2-F901D71B25F1} = {2CDF5854-3204-45B1-9B59-C6EF188AB875}
		{60CBFC59-8812-4A18-B9A1-CE106FFBB821} = {2CDF5854-3204-45B1-9B59-C6EF188AB875}
		{84CF67C8-4383-4BDA-A376-CC97AA9547F5} = {2CDF5854-3204-45B1-9B59-C6EF188AB875}
		{944D5BBC-6998-4316-86B1-A24C5ACCB90D} = {2CDF5854-3204-45B1-9B59-C6EF188AB875}
		{BADC8786-30F3-413E-AB19-45A28C5A8EF6} = {2CDF5854-3204-45B1-9B59-C6EF188AB875}
	EndGlobalSection
	GlobalSection(SolutionConfigurationPlatforms) = preSolution
		Debug|Any CPU = Debug|Any CPU
		Debug|x64 = Debug|x64
		Debug|x86 = Debug|x86
		Release|Any CPU = Release|Any CPU
		Release|x64 = Release|x64
		Release|x86 = Release|x86
	EndGlobalSection
	GlobalSection(ProjectConfigurationPlatforms) = postSolution
		{B9A15F86-261B-4E25-B8C1-682C4A19F419}.Debug|Any CPU.ActiveCfg = Debug|Any CPU
		{B9A15F86-261B-4E25-B8C1-682C4A19F419}.Debug|Any CPU.Build.0 = Debug|Any CPU
		{B9A15F86-261B-4E25-B8C1-682C4A19F419}.Debug|x64.ActiveCfg = Debug|Any CPU
		{B9A15F86-261B-4E25-B8C1-682C4A19F419}.Debug|x64.Build.0 = Debug|Any CPU
		{B9A15F86-261B-4E25-B8C1-682C4A19F419}.Debug|x86.ActiveCfg = Debug|Any CPU
		{B9A15F86-261B-4E25-B8C1-682C4A19F419}.Debug|x86.Build.0 = Debug|Any CPU
		{B9A15F86-261B-4E25-B8C1-682C4A19F419}.Release|Any CPU.ActiveCfg = Release|Any CPU
		{B9A15F86-261B-4E25-B8C1-682C4A19F419}.Release|Any CPU.Build.0 = Release|Any CPU
		{B9A15F86-261B-4E25-B8C1-682C4A19F419}.Release|x64.ActiveCfg = Release|Any CPU
		{B9A15F86-261B-4E25-B8C1-682C4A19F419}.Release|x64.Build.0 = Release|Any CPU
		{B9A15F86-261B-4E25-B8C1-682C4A19F419}.Release|x86.ActiveCfg = Release|Any CPU
		{B9A15F86-261B-4E25-B8C1-682C4A19F419}.Release|x86.Build.0 = Release|Any CPU
		{9427EDD5-BD70-4669-B0D2-F901D71B25F1}.Debug|Any CPU.ActiveCfg = Debug|Any CPU
		{9427EDD5-BD70-4669-B0D2-F901D71B25F1}.Debug|Any CPU.Build.0 = Debug|Any CPU
		{9427EDD5-BD70-4669-B0D2-F901D71B25F1}.Debug|x64.ActiveCfg = Debug|Any CPU
		{9427EDD5-BD70-4669-B0D2-F901D71B25F1}.Debug|x64.Build.0 = Debug|Any CPU
		{9427EDD5-BD70-4669-B0D2-F901D71B25F1}.Debug|x86.ActiveCfg = Debug|Any CPU
		{9427EDD5-BD70-4669-B0D2-F901D71B25F1}.Debug|x86.Build.0 = Debug|Any CPU
		{9427EDD5-BD70-4669-B0D2-F901D71B25F1}.Release|Any CPU.ActiveCfg = Release|Any CPU
		{9427EDD5-BD70-4669-B0D2-F901D71B25F1}.Release|Any CPU.Build.0 = Release|Any CPU
		{9427EDD5-BD70-4669-B0D2-F901D71B25F1}.Release|x64.ActiveCfg = Release|Any CPU
		{9427EDD5-BD70-4669-B0D2-F901D71B25F1}.Release|x64.Build.0 = Release|Any CPU
		{9427EDD5-BD70-4669-B0D2-F901D71B25F1}.Release|x86.ActiveCfg = Release|Any CPU
		{9427EDD5-BD70-4669-B0D2-F901D71B25F1}.Release|x86.Build.0 = Release|Any CPU
		{60CBFC59-8812-4A18-B9A1-CE106FFBB821}.Debug|Any CPU.ActiveCfg = Debug|Any CPU
		{60CBFC59-8812-4A18-B9A1-CE106FFBB821}.Debug|Any CPU.Build.0 = Debug|Any CPU
		{60CBFC59-8812-4A18-B9A1-CE106FFBB821}.Debug|x64.ActiveCfg = Debug|Any CPU
		{60CBFC59-8812-4A18-B9A1-CE106FFBB821}.Debug|x64.Build.0 = Debug|Any CPU
		{60CBFC59-8812-4A18-B9A1-CE106FFBB821}.Debug|x86.ActiveCfg = Debug|Any CPU
		{60CBFC59-8812-4A18-B9A1-CE106FFBB821}.Debug|x86.Build.0 = Debug|Any CPU
		{60CBFC59-8812-4A18-B9A1-CE106FFBB821}.Release|Any CPU.ActiveCfg = Release|Any CPU
		{60CBFC59-8812-4A18-B9A1-CE106FFBB821}.Release|Any CPU.Build.0 = Release|Any CPU
		{60CBFC59-8812-4A18-B9A1-CE106FFBB821}.Release|x64.ActiveCfg = Release|Any CPU
		{60CBFC59-8812-4A18-B9A1-CE106FFBB821}.Release|x64.Build.0 = Release|Any CPU
		{60CBFC59-8812-4A18-B9A1-CE106FFBB821}.Release|x86.ActiveCfg = Release|Any CPU
		{60CBFC59-8812-4A18-B9A1-CE106FFBB821}.Release|x86.Build.0 = Release|Any CPU
		{84CF67C8-4383-4BDA-A376-CC97AA9547F5}.Debug|Any CPU.ActiveCfg = Debug|Any CPU
		{84CF67C8-4383-4BDA-A376-CC97AA9547F5}.Debug|Any CPU.Build.0 = Debug|Any CPU
		{84CF67C8-4383-4BDA-A376-CC97AA9547F5}.Debug|x64.ActiveCfg = Debug|Any CPU
		{84CF67C8-4383-4BDA-A376-CC97AA9547F5}.Debug|x64.Build.0 = Debug|Any CPU
		{84CF67C8-4383-4BDA-A376-CC97AA9547F5}.Debug|x86.ActiveCfg = Debug|Any CPU
		{84CF67C8-4383-4BDA-A376-CC97AA9547F5}.Debug|x86.Build.0 = Debug|Any CPU
		{84CF67C8-4383-4BDA-A376-CC97AA9547F5}.Release|Any CPU.ActiveCfg = Release|Any CPU
		{84CF67C8-4383-4BDA-A376-CC97AA9547F5}.Release|Any CPU.Build.0 = Release|Any CPU
		{84CF67C8-4383-4BDA-A376-CC97AA9547F5}.Release|x64.ActiveCfg = Release|Any CPU
		{84CF67C8-4383-4BDA-A376-CC97AA9547F5}.Release|x64.Build.0 = Release|Any CPU
		{84CF67C8-4383-4BDA-A376-CC97AA9547F5}.Release|x86.ActiveCfg = Release|Any CPU
		{84CF67C8-4383-4BDA-A376-CC97AA9547F5}.Release|x86.Build.0 = Release|Any CPU
		{944D5BBC-6998-4316-86B1-A24C5ACCB90D}.Debug|Any CPU.ActiveCfg = Debug|Any CPU
		{944D5BBC-6998-4316-86B1-A24C5ACCB90D}.Debug|Any CPU.Build.0 = Debug|Any CPU
		{944D5BBC-6998-4316-86B1-A24C5ACCB90D}.Debug|x64.ActiveCfg = Debug|Any CPU
		{944D5BBC-6998-4316-86B1-A24C5ACCB90D}.Debug|x64.Build.0 = Debug|Any CPU
		{944D5BBC-6998-4316-86B1-A24C5ACCB90D}.Debug|x86.ActiveCfg = Debug|Any CPU
		{944D5BBC-6998-4316-86B1-A24C5ACCB90D}.Debug|x86.Build.0 = Debug|Any CPU
		{944D5BBC-6998-4316-86B1-A24C5ACCB90D}.Release|Any CPU.ActiveCfg = Release|Any CPU
		{944D5BBC-6998-4316-86B1-A24C5ACCB90D}.Release|Any CPU.Build.0 = Release|Any CPU
		{944D5BBC-6998-4316-86B1-A24C5ACCB90D}.Release|x64.ActiveCfg = Release|Any CPU
		{944D5BBC-6998-4316-86B1-A24C5ACCB90D}.Release|x64.Build.0 = Release|Any CPU
		{944D5BBC-6998-4316-86B1-A24C5ACCB90D}.Release|x86.ActiveCfg = Release|Any CPU
		{944D5BBC-6998-4316-86B1-A24C5ACCB90D}.Release|x86.Build.0 = Release|Any CPU
		{BADC8786-30F3-413E-AB19-45A28C5A8EF6}.Debug|Any CPU.ActiveCfg = Debug|Any CPU
		{BADC8786-30F3-413E-AB19-45A28C5A8EF6}.Debug|Any CPU.Build.0 = Debug|Any CPU
		{BADC8786-30F3-413E-AB19-45A28C5A8EF6}.Debug|x64.ActiveCfg = Debug|Any CPU
		{BADC8786-30F3-413E-AB19-45A28C5A8EF6}.Debug|x64.Build.0 = Debug|Any CPU
		{BADC8786-30F3-413E-AB19-45A28C5A8EF6}.Debug|x86.ActiveCfg = Debug|Any CPU
		{BADC8786-30F3-413E-AB19-45A28C5A8EF6}.Debug|x86.Build.0 = Debug|Any CPU
		{BADC8786-30F3-413E-AB19-45A28C5A8EF6}.Release|Any CPU.ActiveCfg = Release|Any CPU
		{BADC8786-30F3-413E-AB19-45A28C5A8EF6}.Release|Any CPU.Build.0 = Release|Any CPU
		{BADC8786-30F3-413E-AB19-45A28C5A8EF6}.Release|x64.ActiveCfg = Release|Any CPU
		{BADC8786-30F3-413E-AB19-45A28C5A8EF6}.Release|x64.Build.0 = Release|Any CPU
		{BADC8786-30F3-413E-AB19-45A28C5A8EF6}.Release|x86.ActiveCfg = Release|Any CPU
		{BADC8786-30F3-413E-AB19-45A28C5A8EF6}.Release|x86.Build.0 = Release|Any CPU
	EndGlobalSection
	GlobalSection(SolutionProperties) = preSolution
		HideSolutionNode = FALSE
	EndGlobalSection
EndGlobal
