
Microsoft Visual Studio Solution File, Format Version 12.00
# Visual Studio Version 16
VisualStudioVersion = 16.0.30114.105
MinimumVisualStudioVersion = 10.0.40219.1
Project("{FAE04EC0-301F-11D3-BF4B-00C04F79EFBC}") = "R5T.T0046", "R5T.T0046\R5T.T0046.csproj", "{4C17785B-2502-4997-BDA1-3D5A67A1E418}"
EndProject
Project("{FAE04EC0-301F-11D3-BF4B-00C04F79EFBC}") = "R5T.T0046.Construction", "R5T.T0046.Construction\R5T.T0046.Construction.csproj", "{F6FCAC57-7FBD-4C4B-8AE8-3A4D8685FBE9}"
EndProject
Project("{2150E333-8FDC-42A3-9474-1A3956D46DE8}") = "_Dependencies", "_Dependencies", "{D9CD28B4-1C03-4C6C-BD02-B49968E2DB67}"
EndProject
Project("{9A19103F-16F7-4668-BE54-9A1E7A4F7556}") = "R5T.T0142", "..\..\R5T.T0142\source\R5T.T0142\R5T.T0142.csproj", "{911803C2-1758-4563-B9B6-6904319DFFC0}"
EndProject
Project("{9A19103F-16F7-4668-BE54-9A1E7A4F7556}") = "R5T.T0143", "..\..\R5T.T0143\source\R5T.T0143\R5T.T0143.csproj", "{1856E611-C66B-4D70-B6E2-2CBC2E78B76D}"
EndProject
Project("{9A19103F-16F7-4668-BE54-9A1E7A4F7556}") = "R5T.T0241", "..\..\R5T.T0241\source\R5T.T0241\R5T.T0241.csproj", "{C2EA604F-985A-46D4-A7B4-DD8513FC6C11}"
EndProject
Project("{9A19103F-16F7-4668-BE54-9A1E7A4F7556}") = "R5T.T0240", "..\..\R5T.T0240\source\R5T.T0240\R5T.T0240.csproj", "{DDF4168B-31A4-47DF-9909-F18717FD885B}"
EndProject
Global
	GlobalSection(NestedProjects) = preSolution
		{911803C2-1758-4563-B9B6-6904319DFFC0} = {D9CD28B4-1C03-4C6C-BD02-B49968E2DB67}
		{1856E611-C66B-4D70-B6E2-2CBC2E78B76D} = {D9CD28B4-1C03-4C6C-BD02-B49968E2DB67}
		{C2EA604F-985A-46D4-A7B4-DD8513FC6C11} = {D9CD28B4-1C03-4C6C-BD02-B49968E2DB67}
		{DDF4168B-31A4-47DF-9909-F18717FD885B} = {D9CD28B4-1C03-4C6C-BD02-B49968E2DB67}
	EndGlobalSection
	GlobalSection(SolutionConfigurationPlatforms) = preSolution
		Debug|Any CPU = Debug|Any CPU
		Debug|x64 = Debug|x64
		Debug|x86 = Debug|x86
		Release|Any CPU = Release|Any CPU
		Release|x64 = Release|x64
		Release|x86 = Release|x86
	EndGlobalSection
	GlobalSection(ProjectConfigurationPlatforms) = postSolution
		{4C17785B-2502-4997-BDA1-3D5A67A1E418}.Debug|Any CPU.ActiveCfg = Debug|Any CPU
		{4C17785B-2502-4997-BDA1-3D5A67A1E418}.Debug|Any CPU.Build.0 = Debug|Any CPU
		{4C17785B-2502-4997-BDA1-3D5A67A1E418}.Debug|x64.ActiveCfg = Debug|Any CPU
		{4C17785B-2502-4997-BDA1-3D5A67A1E418}.Debug|x64.Build.0 = Debug|Any CPU
		{4C17785B-2502-4997-BDA1-3D5A67A1E418}.Debug|x86.ActiveCfg = Debug|Any CPU
		{4C17785B-2502-4997-BDA1-3D5A67A1E418}.Debug|x86.Build.0 = Debug|Any CPU
		{4C17785B-2502-4997-BDA1-3D5A67A1E418}.Release|Any CPU.ActiveCfg = Release|Any CPU
		{4C17785B-2502-4997-BDA1-3D5A67A1E418}.Release|Any CPU.Build.0 = Release|Any CPU
		{4C17785B-2502-4997-BDA1-3D5A67A1E418}.Release|x64.ActiveCfg = Release|Any CPU
		{4C17785B-2502-4997-BDA1-3D5A67A1E418}.Release|x64.Build.0 = Release|Any CPU
		{4C17785B-2502-4997-BDA1-3D5A67A1E418}.Release|x86.ActiveCfg = Release|Any CPU
		{4C17785B-2502-4997-BDA1-3D5A67A1E418}.Release|x86.Build.0 = Release|Any CPU
		{F6FCAC57-7FBD-4C4B-8AE8-3A4D8685FBE9}.Debug|Any CPU.ActiveCfg = Debug|Any CPU
		{F6FCAC57-7FBD-4C4B-8AE8-3A4D8685FBE9}.Debug|Any CPU.Build.0 = Debug|Any CPU
		{F6FCAC57-7FBD-4C4B-8AE8-3A4D8685FBE9}.Debug|x64.ActiveCfg = Debug|Any CPU
		{F6FCAC57-7FBD-4C4B-8AE8-3A4D8685FBE9}.Debug|x64.Build.0 = Debug|Any CPU
		{F6FCAC57-7FBD-4C4B-8AE8-3A4D8685FBE9}.Debug|x86.ActiveCfg = Debug|Any CPU
		{F6FCAC57-7FBD-4C4B-8AE8-3A4D8685FBE9}.Debug|x86.Build.0 = Debug|Any CPU
		{F6FCAC57-7FBD-4C4B-8AE8-3A4D8685FBE9}.Release|Any CPU.ActiveCfg = Release|Any CPU
		{F6FCAC57-7FBD-4C4B-8AE8-3A4D8685FBE9}.Release|Any CPU.Build.0 = Release|Any CPU
		{F6FCAC57-7FBD-4C4B-8AE8-3A4D8685FBE9}.Release|x64.ActiveCfg = Release|Any CPU
		{F6FCAC57-7FBD-4C4B-8AE8-3A4D8685FBE9}.Release|x64.Build.0 = Release|Any CPU
		{F6FCAC57-7FBD-4C4B-8AE8-3A4D8685FBE9}.Release|x86.ActiveCfg = Release|Any CPU
		{F6FCAC57-7FBD-4C4B-8AE8-3A4D8685FBE9}.Release|x86.Build.0 = Release|Any CPU
		{911803C2-1758-4563-B9B6-6904319DFFC0}.Debug|Any CPU.ActiveCfg = Debug|Any CPU
		{911803C2-1758-4563-B9B6-6904319DFFC0}.Debug|Any CPU.Build.0 = Debug|Any CPU
		{911803C2-1758-4563-B9B6-6904319DFFC0}.Debug|x64.ActiveCfg = Debug|Any CPU
		{911803C2-1758-4563-B9B6-6904319DFFC0}.Debug|x64.Build.0 = Debug|Any CPU
		{911803C2-1758-4563-B9B6-6904319DFFC0}.Debug|x86.ActiveCfg = Debug|Any CPU
		{911803C2-1758-4563-B9B6-6904319DFFC0}.Debug|x86.Build.0 = Debug|Any CPU
		{911803C2-1758-4563-B9B6-6904319DFFC0}.Release|Any CPU.ActiveCfg = Release|Any CPU
		{911803C2-1758-4563-B9B6-6904319DFFC0}.Release|Any CPU.Build.0 = Release|Any CPU
		{911803C2-1758-4563-B9B6-6904319DFFC0}.Release|x64.ActiveCfg = Release|Any CPU
		{911803C2-1758-4563-B9B6-6904319DFFC0}.Release|x64.Build.0 = Release|Any CPU
		{911803C2-1758-4563-B9B6-6904319DFFC0}.Release|x86.ActiveCfg = Release|Any CPU
		{911803C2-1758-4563-B9B6-6904319DFFC0}.Release|x86.Build.0 = Release|Any CPU
		{1856E611-C66B-4D70-B6E2-2CBC2E78B76D}.Debug|Any CPU.ActiveCfg = Debug|Any CPU
		{1856E611-C66B-4D70-B6E2-2CBC2E78B76D}.Debug|Any CPU.Build.0 = Debug|Any CPU
		{1856E611-C66B-4D70-B6E2-2CBC2E78B76D}.Debug|x64.ActiveCfg = Debug|Any CPU
		{1856E611-C66B-4D70-B6E2-2CBC2E78B76D}.Debug|x64.Build.0 = Debug|Any CPU
		{1856E611-C66B-4D70-B6E2-2CBC2E78B76D}.Debug|x86.ActiveCfg = Debug|Any CPU
		{1856E611-C66B-4D70-B6E2-2CBC2E78B76D}.Debug|x86.Build.0 = Debug|Any CPU
		{1856E611-C66B-4D70-B6E2-2CBC2E78B76D}.Release|Any CPU.ActiveCfg = Release|Any CPU
		{1856E611-C66B-4D70-B6E2-2CBC2E78B76D}.Release|Any CPU.Build.0 = Release|Any CPU
		{1856E611-C66B-4D70-B6E2-2CBC2E78B76D}.Release|x64.ActiveCfg = Release|Any CPU
		{1856E611-C66B-4D70-B6E2-2CBC2E78B76D}.Release|x64.Build.0 = Release|Any CPU
		{1856E611-C66B-4D70-B6E2-2CBC2E78B76D}.Release|x86.ActiveCfg = Release|Any CPU
		{1856E611-C66B-4D70-B6E2-2CBC2E78B76D}.Release|x86.Build.0 = Release|Any CPU
		{C2EA604F-985A-46D4-A7B4-DD8513FC6C11}.Debug|Any CPU.ActiveCfg = Debug|Any CPU
		{C2EA604F-985A-46D4-A7B4-DD8513FC6C11}.Debug|Any CPU.Build.0 = Debug|Any CPU
		{C2EA604F-985A-46D4-A7B4-DD8513FC6C11}.Debug|x64.ActiveCfg = Debug|Any CPU
		{C2EA604F-985A-46D4-A7B4-DD8513FC6C11}.Debug|x64.Build.0 = Debug|Any CPU
		{C2EA604F-985A-46D4-A7B4-DD8513FC6C11}.Debug|x86.ActiveCfg = Debug|Any CPU
		{C2EA604F-985A-46D4-A7B4-DD8513FC6C11}.Debug|x86.Build.0 = Debug|Any CPU
		{C2EA604F-985A-46D4-A7B4-DD8513FC6C11}.Release|Any CPU.ActiveCfg = Release|Any CPU
		{C2EA604F-985A-46D4-A7B4-DD8513FC6C11}.Release|Any CPU.Build.0 = Release|Any CPU
		{C2EA604F-985A-46D4-A7B4-DD8513FC6C11}.Release|x64.ActiveCfg = Release|Any CPU
		{C2EA604F-985A-46D4-A7B4-DD8513FC6C11}.Release|x64.Build.0 = Release|Any CPU
		{C2EA604F-985A-46D4-A7B4-DD8513FC6C11}.Release|x86.ActiveCfg = Release|Any CPU
		{C2EA604F-985A-46D4-A7B4-DD8513FC6C11}.Release|x86.Build.0 = Release|Any CPU
		{DDF4168B-31A4-47DF-9909-F18717FD885B}.Debug|Any CPU.ActiveCfg = Debug|Any CPU
		{DDF4168B-31A4-47DF-9909-F18717FD885B}.Debug|Any CPU.Build.0 = Debug|Any CPU
		{DDF4168B-31A4-47DF-9909-F18717FD885B}.Debug|x64.ActiveCfg = Debug|Any CPU
		{DDF4168B-31A4-47DF-9909-F18717FD885B}.Debug|x64.Build.0 = Debug|Any CPU
		{DDF4168B-31A4-47DF-9909-F18717FD885B}.Debug|x86.ActiveCfg = Debug|Any CPU
		{DDF4168B-31A4-47DF-9909-F18717FD885B}.Debug|x86.Build.0 = Debug|Any CPU
		{DDF4168B-31A4-47DF-9909-F18717FD885B}.Release|Any CPU.ActiveCfg = Release|Any CPU
		{DDF4168B-31A4-47DF-9909-F18717FD885B}.Release|Any CPU.Build.0 = Release|Any CPU
		{DDF4168B-31A4-47DF-9909-F18717FD885B}.Release|x64.ActiveCfg = Release|Any CPU
		{DDF4168B-31A4-47DF-9909-F18717FD885B}.Release|x64.Build.0 = Release|Any CPU
		{DDF4168B-31A4-47DF-9909-F18717FD885B}.Release|x86.ActiveCfg = Release|Any CPU
		{DDF4168B-31A4-47DF-9909-F18717FD885B}.Release|x86.Build.0 = Release|Any CPU
	EndGlobalSection
	GlobalSection(SolutionProperties) = preSolution
		HideSolutionNode = FALSE
	EndGlobalSection
EndGlobal
