
Microsoft Visual Studio Solution File, Format Version 12.00
# Visual Studio Version 16
VisualStudioVersion = 16.6.30114.105
MinimumVisualStudioVersion = 10.0.40219.1
Project("{FAE04EC0-301F-11D3-BF4B-00C04F79EFBC}") = "R5T.T0046.Construction", "R5T.T0046.Construction\R5T.T0046.Construction.csproj", "{23AD47D0-3316-4DC8-8CC6-9C2431966C63}"
EndProject
Project("{FAE04EC0-301F-11D3-BF4B-00C04F79EFBC}") = "R5T.T0046", "R5T.T0046\R5T.T0046.csproj", "{843BDAE6-6034-4B57-8660-D6DB9BDED215}"
EndProject
Project("{2150E333-8FDC-42A3-9474-1A3956D46DE8}") = "_Dependencies", "_Dependencies", "{88D3C0D4-ABEA-483F-AA8E-4C4745436FF4}"
EndProject
Project("{9A19103F-16F7-4668-BE54-9A1E7A4F7556}") = "R5T.T0142", "..\..\R5T.T0142\source\R5T.T0142\R5T.T0142.csproj", "{7928CB7E-3A49-40CB-84B3-D96AD33E1CF0}"
EndProject
Project("{9A19103F-16F7-4668-BE54-9A1E7A4F7556}") = "R5T.T0143", "..\..\R5T.T0143\source\R5T.T0143\R5T.T0143.csproj", "{1A2A21C8-F166-40BB-9B25-53F3FF73B2EB}"
EndProject
Project("{9A19103F-16F7-4668-BE54-9A1E7A4F7556}") = "R5T.T0241", "..\..\R5T.T0241\source\R5T.T0241\R5T.T0241.csproj", "{F280AD73-45BF-43D3-AD61-F23F5AB3D4DC}"
EndProject
Project("{9A19103F-16F7-4668-BE54-9A1E7A4F7556}") = "R5T.T0240", "..\..\R5T.T0240\source\R5T.T0240\R5T.T0240.csproj", "{79E779B4-26D4-4E33-B052-B27EA8B25107}"
EndProject
Global
	GlobalSection(NestedProjects) = preSolution
		{7928CB7E-3A49-40CB-84B3-D96AD33E1CF0} = {88D3C0D4-ABEA-483F-AA8E-4C4745436FF4}
		{1A2A21C8-F166-40BB-9B25-53F3FF73B2EB} = {88D3C0D4-ABEA-483F-AA8E-4C4745436FF4}
		{F280AD73-45BF-43D3-AD61-F23F5AB3D4DC} = {88D3C0D4-ABEA-483F-AA8E-4C4745436FF4}
		{79E779B4-26D4-4E33-B052-B27EA8B25107} = {88D3C0D4-ABEA-483F-AA8E-4C4745436FF4}
	EndGlobalSection
	GlobalSection(SolutionConfigurationPlatforms) = preSolution
		Debug|Any CPU = Debug|Any CPU
		Debug|x64 = Debug|x64
		Debug|x86 = Debug|x86
		Release|Any CPU = Release|Any CPU
		Release|x64 = Release|x64
		Release|x86 = Release|x86
	EndGlobalSection
	GlobalSection(ProjectConfigurationPlatforms) = postSolution
		{23AD47D0-3316-4DC8-8CC6-9C2431966C63}.Debug|Any CPU.ActiveCfg = Debug|Any CPU
		{23AD47D0-3316-4DC8-8CC6-9C2431966C63}.Debug|Any CPU.Build.0 = Debug|Any CPU
		{23AD47D0-3316-4DC8-8CC6-9C2431966C63}.Debug|x64.ActiveCfg = Debug|Any CPU
		{23AD47D0-3316-4DC8-8CC6-9C2431966C63}.Debug|x64.Build.0 = Debug|Any CPU
		{23AD47D0-3316-4DC8-8CC6-9C2431966C63}.Debug|x86.ActiveCfg = Debug|Any CPU
		{23AD47D0-3316-4DC8-8CC6-9C2431966C63}.Debug|x86.Build.0 = Debug|Any CPU
		{23AD47D0-3316-4DC8-8CC6-9C2431966C63}.Release|Any CPU.ActiveCfg = Release|Any CPU
		{23AD47D0-3316-4DC8-8CC6-9C2431966C63}.Release|Any CPU.Build.0 = Release|Any CPU
		{23AD47D0-3316-4DC8-8CC6-9C2431966C63}.Release|x64.ActiveCfg = Release|Any CPU
		{23AD47D0-3316-4DC8-8CC6-9C2431966C63}.Release|x64.Build.0 = Release|Any CPU
		{23AD47D0-3316-4DC8-8CC6-9C2431966C63}.Release|x86.ActiveCfg = Release|Any CPU
		{23AD47D0-3316-4DC8-8CC6-9C2431966C63}.Release|x86.Build.0 = Release|Any CPU
		{843BDAE6-6034-4B57-8660-D6DB9BDED215}.Debug|Any CPU.ActiveCfg = Debug|Any CPU
		{843BDAE6-6034-4B57-8660-D6DB9BDED215}.Debug|Any CPU.Build.0 = Debug|Any CPU
		{843BDAE6-6034-4B57-8660-D6DB9BDED215}.Debug|x64.ActiveCfg = Debug|Any CPU
		{843BDAE6-6034-4B57-8660-D6DB9BDED215}.Debug|x64.Build.0 = Debug|Any CPU
		{843BDAE6-6034-4B57-8660-D6DB9BDED215}.Debug|x86.ActiveCfg = Debug|Any CPU
		{843BDAE6-6034-4B57-8660-D6DB9BDED215}.Debug|x86.Build.0 = Debug|Any CPU
		{843BDAE6-6034-4B57-8660-D6DB9BDED215}.Release|Any CPU.ActiveCfg = Release|Any CPU
		{843BDAE6-6034-4B57-8660-D6DB9BDED215}.Release|Any CPU.Build.0 = Release|Any CPU
		{843BDAE6-6034-4B57-8660-D6DB9BDED215}.Release|x64.ActiveCfg = Release|Any CPU
		{843BDAE6-6034-4B57-8660-D6DB9BDED215}.Release|x64.Build.0 = Release|Any CPU
		{843BDAE6-6034-4B57-8660-D6DB9BDED215}.Release|x86.ActiveCfg = Release|Any CPU
		{843BDAE6-6034-4B57-8660-D6DB9BDED215}.Release|x86.Build.0 = Release|Any CPU
		{7928CB7E-3A49-40CB-84B3-D96AD33E1CF0}.Debug|Any CPU.ActiveCfg = Debug|Any CPU
		{7928CB7E-3A49-40CB-84B3-D96AD33E1CF0}.Debug|Any CPU.Build.0 = Debug|Any CPU
		{7928CB7E-3A49-40CB-84B3-D96AD33E1CF0}.Debug|x64.ActiveCfg = Debug|Any CPU
		{7928CB7E-3A49-40CB-84B3-D96AD33E1CF0}.Debug|x64.Build.0 = Debug|Any CPU
		{7928CB7E-3A49-40CB-84B3-D96AD33E1CF0}.Debug|x86.ActiveCfg = Debug|Any CPU
		{7928CB7E-3A49-40CB-84B3-D96AD33E1CF0}.Debug|x86.Build.0 = Debug|Any CPU
		{7928CB7E-3A49-40CB-84B3-D96AD33E1CF0}.Release|Any CPU.ActiveCfg = Release|Any CPU
		{7928CB7E-3A49-40CB-84B3-D96AD33E1CF0}.Release|Any CPU.Build.0 = Release|Any CPU
		{7928CB7E-3A49-40CB-84B3-D96AD33E1CF0}.Release|x64.ActiveCfg = Release|Any CPU
		{7928CB7E-3A49-40CB-84B3-D96AD33E1CF0}.Release|x64.Build.0 = Release|Any CPU
		{7928CB7E-3A49-40CB-84B3-D96AD33E1CF0}.Release|x86.ActiveCfg = Release|Any CPU
		{7928CB7E-3A49-40CB-84B3-D96AD33E1CF0}.Release|x86.Build.0 = Release|Any CPU
		{1A2A21C8-F166-40BB-9B25-53F3FF73B2EB}.Debug|Any CPU.ActiveCfg = Debug|Any CPU
		{1A2A21C8-F166-40BB-9B25-53F3FF73B2EB}.Debug|Any CPU.Build.0 = Debug|Any CPU
		{1A2A21C8-F166-40BB-9B25-53F3FF73B2EB}.Debug|x64.ActiveCfg = Debug|Any CPU
		{1A2A21C8-F166-40BB-9B25-53F3FF73B2EB}.Debug|x64.Build.0 = Debug|Any CPU
		{1A2A21C8-F166-40BB-9B25-53F3FF73B2EB}.Debug|x86.ActiveCfg = Debug|Any CPU
		{1A2A21C8-F166-40BB-9B25-53F3FF73B2EB}.Debug|x86.Build.0 = Debug|Any CPU
		{1A2A21C8-F166-40BB-9B25-53F3FF73B2EB}.Release|Any CPU.ActiveCfg = Release|Any CPU
		{1A2A21C8-F166-40BB-9B25-53F3FF73B2EB}.Release|Any CPU.Build.0 = Release|Any CPU
		{1A2A21C8-F166-40BB-9B25-53F3FF73B2EB}.Release|x64.ActiveCfg = Release|Any CPU
		{1A2A21C8-F166-40BB-9B25-53F3FF73B2EB}.Release|x64.Build.0 = Release|Any CPU
		{1A2A21C8-F166-40BB-9B25-53F3FF73B2EB}.Release|x86.ActiveCfg = Release|Any CPU
		{1A2A21C8-F166-40BB-9B25-53F3FF73B2EB}.Release|x86.Build.0 = Release|Any CPU
		{F280AD73-45BF-43D3-AD61-F23F5AB3D4DC}.Debug|Any CPU.ActiveCfg = Debug|Any CPU
		{F280AD73-45BF-43D3-AD61-F23F5AB3D4DC}.Debug|Any CPU.Build.0 = Debug|Any CPU
		{F280AD73-45BF-43D3-AD61-F23F5AB3D4DC}.Debug|x64.ActiveCfg = Debug|Any CPU
		{F280AD73-45BF-43D3-AD61-F23F5AB3D4DC}.Debug|x64.Build.0 = Debug|Any CPU
		{F280AD73-45BF-43D3-AD61-F23F5AB3D4DC}.Debug|x86.ActiveCfg = Debug|Any CPU
		{F280AD73-45BF-43D3-AD61-F23F5AB3D4DC}.Debug|x86.Build.0 = Debug|Any CPU
		{F280AD73-45BF-43D3-AD61-F23F5AB3D4DC}.Release|Any CPU.ActiveCfg = Release|Any CPU
		{F280AD73-45BF-43D3-AD61-F23F5AB3D4DC}.Release|Any CPU.Build.0 = Release|Any CPU
		{F280AD73-45BF-43D3-AD61-F23F5AB3D4DC}.Release|x64.ActiveCfg = Release|Any CPU
		{F280AD73-45BF-43D3-AD61-F23F5AB3D4DC}.Release|x64.Build.0 = Release|Any CPU
		{F280AD73-45BF-43D3-AD61-F23F5AB3D4DC}.Release|x86.ActiveCfg = Release|Any CPU
		{F280AD73-45BF-43D3-AD61-F23F5AB3D4DC}.Release|x86.Build.0 = Release|Any CPU
		{79E779B4-26D4-4E33-B052-B27EA8B25107}.Debug|Any CPU.ActiveCfg = Debug|Any CPU
		{79E779B4-26D4-4E33-B052-B27EA8B25107}.Debug|Any CPU.Build.0 = Debug|Any CPU
		{79E779B4-26D4-4E33-B052-B27EA8B25107}.Debug|x64.ActiveCfg = Debug|Any CPU
		{79E779B4-26D4-4E33-B052-B27EA8B25107}.Debug|x64.Build.0 = Debug|Any CPU
		{79E779B4-26D4-4E33-B052-B27EA8B25107}.Debug|x86.ActiveCfg = Debug|Any CPU
		{79E779B4-26D4-4E33-B052-B27EA8B25107}.Debug|x86.Build.0 = Debug|Any CPU
		{79E779B4-26D4-4E33-B052-B27EA8B25107}.Release|Any CPU.ActiveCfg = Release|Any CPU
		{79E779B4-26D4-4E33-B052-B27EA8B25107}.Release|Any CPU.Build.0 = Release|Any CPU
		{79E779B4-26D4-4E33-B052-B27EA8B25107}.Release|x64.ActiveCfg = Release|Any CPU
		{79E779B4-26D4-4E33-B052-B27EA8B25107}.Release|x64.Build.0 = Release|Any CPU
		{79E779B4-26D4-4E33-B052-B27EA8B25107}.Release|x86.ActiveCfg = Release|Any CPU
		{79E779B4-26D4-4E33-B052-B27EA8B25107}.Release|x86.Build.0 = Release|Any CPU
	EndGlobalSection
	GlobalSection(SolutionProperties) = preSolution
		HideSolutionNode = FALSE
	EndGlobalSection
EndGlobal
